
Microsoft Visual Studio Solution File, Format Version 12.00
# Visual Studio Version 17
VisualStudioVersion = 17.5.33103.201
MinimumVisualStudioVersion = 10.0.40219.1
Project("{FAE04EC0-301F-11D3-BF4B-00C04F79EFBC}") = "CloudPresence", "CloudPresence.csproj", "{1B5238D1-7FA7-4D5F-AE74-8DA894599AB0}"
EndProject
Global
	GlobalSection(SolutionConfigurationPlatforms) = preSolution
		Debug|Any CPU = Debug|Any CPU
		Release|Any CPU = Release|Any CPU
	EndGlobalSection
	GlobalSection(ProjectConfigurationPlatforms) = postSolution
		{1B5238D1-7FA7-4D5F-AE74-8DA894599AB0}.Debug|Any CPU.ActiveCfg = Debug|Any CPU
		{1B5238D1-7FA7-4D5F-AE74-8DA894599AB0}.Debug|Any CPU.Build.0 = Debug|Any CPU
		{1B5238D1-7FA7-4D5F-AE74-8DA894599AB0}.Release|Any CPU.ActiveCfg = Release|Any CPU
		{1B5238D1-7FA7-4D5F-AE74-8DA894599AB0}.Release|Any CPU.Build.0 = Release|Any CPU
	EndGlobalSection
	GlobalSection(SolutionProperties) = preSolution
		HideSolutionNode = FALSE
	EndGlobalSection
	GlobalSection(ExtensibilityGlobals) = postSolution
		SolutionGuid = {7AF2DF0F-C98B-4641-81E7-2D702DDA8CBE}
	EndGlobalSection
EndGlobal
